
Microsoft Visual Studio Solution File, Format Version 12.00
# Visual Studio 15
Project("{FAE04EC0-301F-11D3-BF4B-00C04F79EFBC}") = "Assembly-CSharp", "Assembly-CSharp.csproj", "{F9D2AF5E-1A9A-1B76-1E26-0BC04B6790C6}"
EndProject
Project("{FAE04EC0-301F-11D3-BF4B-00C04F79EFBC}") = "Assembly-CSharp-Editor", "Assembly-CSharp-Editor.csproj", "{2451FB7F-0E9D-BD41-6497-8D912FC29366}"
EndProject
Global
	GlobalSection(SolutionConfigurationPlatforms) = preSolution
		Debug|Any CPU = Debug|Any CPU
		Release|Any CPU = Release|Any CPU
	EndGlobalSection
	GlobalSection(ProjectConfigurationPlatforms) = postSolution
		{F9D2AF5E-1A9A-1B76-1E26-0BC04B6790C6}.Debug|Any CPU.ActiveCfg = Debug|Any CPU
		{F9D2AF5E-1A9A-1B76-1E26-0BC04B6790C6}.Debug|Any CPU.Build.0 = Debug|Any CPU
		{F9D2AF5E-1A9A-1B76-1E26-0BC04B6790C6}.Release|Any CPU.ActiveCfg = Release|Any CPU
		{F9D2AF5E-1A9A-1B76-1E26-0BC04B6790C6}.Release|Any CPU.Build.0 = Release|Any CPU
		{2451FB7F-0E9D-BD41-6497-8D912FC29366}.Debug|Any CPU.ActiveCfg = Debug|Any CPU
		{2451FB7F-0E9D-BD41-6497-8D912FC29366}.Debug|Any CPU.Build.0 = Debug|Any CPU
		{2451FB7F-0E9D-BD41-6497-8D912FC29366}.Release|Any CPU.ActiveCfg = Release|Any CPU
		{2451FB7F-0E9D-BD41-6497-8D912FC29366}.Release|Any CPU.Build.0 = Release|Any CPU
	EndGlobalSection
	GlobalSection(SolutionProperties) = preSolution
		HideSolutionNode = FALSE
	EndGlobalSection
EndGlobal
